Microsoft Visual Studio Solution File, Format Version 11.00
# Visual Studio 2008

Project("{B4A402E4-2F2B-CBD2-32BD-1370264F4A19}") = "AnySDKForUnitySample", "Assembly-CSharp-firstpass-vs.csproj", "{8108160A-2B87-2120-4FFA-EF91A307FDFE}"
EndProject
Project("{B4A402E4-2F2B-CBD2-32BD-1370264F4A19}") = "AnySDKForUnitySample", "Assembly-CSharp-vs.csproj", "{161D3F42-E1A6-FF26-50C4-28D84A254DD1}"
EndProject
Global
	GlobalSection(SolutionConfigurationPlatforms) = preSolution
		Debug|Any CPU = Debug|Any CPU
		Release|Any CPU = Release|Any CPU
	EndGlobalSection
	GlobalSection(ProjectConfigurationPlatforms) = postSolution
		{8108160A-2B87-2120-4FFA-EF91A307FDFE}.Debug|Any CPU.ActiveCfg = Debug|Any CPU
		{8108160A-2B87-2120-4FFA-EF91A307FDFE}.Debug|Any CPU.Build.0 = Debug|Any CPU
		{8108160A-2B87-2120-4FFA-EF91A307FDFE}.Release|Any CPU.ActiveCfg = Release|Any CPU
		{8108160A-2B87-2120-4FFA-EF91A307FDFE}.Release|Any CPU.Build.0 = Release|Any CPU
		{161D3F42-E1A6-FF26-50C4-28D84A254DD1}.Debug|Any CPU.ActiveCfg = Debug|Any CPU
		{161D3F42-E1A6-FF26-50C4-28D84A254DD1}.Debug|Any CPU.Build.0 = Debug|Any CPU
		{161D3F42-E1A6-FF26-50C4-28D84A254DD1}.Release|Any CPU.ActiveCfg = Release|Any CPU
		{161D3F42-E1A6-FF26-50C4-28D84A254DD1}.Release|Any CPU.Build.0 = Release|Any CPU
	EndGlobalSection
	GlobalSection(SolutionProperties) = preSolution
		HideSolutionNode = FALSE
	EndGlobalSection
																											GlobalSection(MonoDevelopProperties) = preSolution
		StartupItem = Assembly-CSharp.csproj
		Policies = $0
		$0.TextStylePolicy = $1
		$1.inheritsSet = null
		$1.scope = text/x-csharp
		$0.CSharpFormattingPolicy = $2
		$2.inheritsSet = Mono
		$2.inheritsScope = text/x-csharp
		$2.scope = text/x-csharp
		$0.TextStylePolicy = $3
		$3.FileWidth = 120
		$3.TabWidth = 4
		$3.EolMarker = Unix
		$3.inheritsSet = Mono
		$3.inheritsScope = text/plain
		$3.scope = text/plain
	EndGlobalSection

EndGlobal
